
Microsoft Visual Studio Solution File, Format Version 12.00
# Visual Studio 15
VisualStudioVersion = 15.0.26124.0
MinimumVisualStudioVersion = 15.0.26124.0
Project("{2150E333-8FDC-42A3-9474-1A3956D46DE8}") = "_solution-items", "_solution-items", "{323FC6A0-BB47-4EAD-8887-94449A196CD2}"
	ProjectSection(SolutionItems) = preProject
		Directory.Build.props = Directory.Build.props
		Directory.Packages.props = Directory.Packages.props
		.editorconfig = .editorconfig
		global.json = global.json
	EndProjectSection
EndProject
Project("{2150E333-8FDC-42A3-9474-1A3956D46DE8}") = "src", "src", "{B338113B-5242-48FF-93A5-C00847E6FCD4}"
EndProject
Project("{2150E333-8FDC-42A3-9474-1A3956D46DE8}") = "src", "src", "{AC2D4EE1-B4E0-4A71-B233-10B3EAB787FD}"
				ProjectSection(SolutionItems) = preProject
		src\Directory.Build.props = src\Directory.Build.props
				EndProjectSection
EndProject
Project("{2150E333-8FDC-42A3-9474-1A3956D46DE8}") = "test", "test", "{AC949E6E-9D91-431A-97ED-B0C4C0292F00}"
EndProject
Project("{2150E333-8FDC-42A3-9474-1A3956D46DE8}") = "test", "test", "{D3C94AC3-4A04-4DA7-A18A-5F4728B18E92}"
	ProjectSection(SolutionItems) = preProject
		test\Directory.Build.props = test\Directory.Build.props
	EndProjectSection
EndProject
Project("{FAE04EC0-301F-11D3-BF4B-00C04F79EFBC}") = "Common", "Src\Binance.Common\Binance.Common.csproj", "{D8336CEE-E1CE-4829-98BA-B9898422E626}"
EndProject
Project("{FAE04EC0-301F-11D3-BF4B-00C04F79EFBC}") = "Spot", "Src\Binance.Spot\Binance.Spot.csproj", "{03C729C3-3371-4D8D-A41D-D1B0FB1526F1}"
EndProject
Project("{FAE04EC0-301F-11D3-BF4B-00C04F79EFBC}") = "Common.Tests", "test\Binance.Common.Tests\Binance.Common.Tests.csproj", "{7F899D83-7AB0-4859-A4F6-35FA986679C5}"
EndProject
Project("{FAE04EC0-301F-11D3-BF4B-00C04F79EFBC}") = "Spot.Tests", "test\Binance.Spot.Tests\Binance.Spot.Tests.csproj", "{35A32D3D-F5B9-4AF1-9FF3-98B07C75FC5F}"
EndProject
Project("{2150E333-8FDC-42A3-9474-1A3956D46DE8}") = "examples", "examples", "{2A22B77B-5643-452A-9E9E-26FC7FF9B4C9}"
	ProjectSection(SolutionItems) = preProject
		examples\Directory.Build.props = examples\Directory.Build.props
	EndProjectSection
EndProject
Project("{FAE04EC0-301F-11D3-BF4B-00C04F79EFBC}") = "CSharp", "Examples\Binance.Example.CSharp\Binance.Example.CSharp.csproj", "{174EA2FA-215A-49E9-ACB3-369D20BB2A5E}"
EndProject
Project("{2150E333-8FDC-42A3-9474-1A3956D46DE8}") = "examples", "examples", "{7CC9E5BE-000E-4E9D-B8CB-779162F2EE49}"
EndProject
Project("{F2A71F9B-5D33-465A-A702-920D77279786}") = "FSharp", "examples\Binance.Example.FSharp\Binance.Example.FSharp.fsproj", "{3A8AF3D2-437E-4D23-8324-65A8DFFE572F}"
EndProject
Global
	GlobalSection(SolutionConfigurationPlatforms) = preSolution
		Debug|Any CPU = Debug|Any CPU
		Debug|x64 = Debug|x64
		Debug|x86 = Debug|x86
		Release|Any CPU = Release|Any CPU
		Release|x64 = Release|x64
		Release|x86 = Release|x86
	EndGlobalSection
	GlobalSection(SolutionProperties) = preSolution
		HideSolutionNode = FALSE
	EndGlobalSection
	GlobalSection(ProjectConfigurationPlatforms) = postSolution
		{D8336CEE-E1CE-4829-98BA-B9898422E626}.Debug|Any CPU.ActiveCfg = Debug|Any CPU
		{D8336CEE-E1CE-4829-98BA-B9898422E626}.Debug|Any CPU.Build.0 = Debug|Any CPU
		{D8336CEE-E1CE-4829-98BA-B9898422E626}.Debug|x64.ActiveCfg = Debug|Any CPU
		{D8336CEE-E1CE-4829-98BA-B9898422E626}.Debug|x64.Build.0 = Debug|Any CPU
		{D8336CEE-E1CE-4829-98BA-B9898422E626}.Debug|x86.ActiveCfg = Debug|Any CPU
		{D8336CEE-E1CE-4829-98BA-B9898422E626}.Debug|x86.Build.0 = Debug|Any CPU
		{D8336CEE-E1CE-4829-98BA-B9898422E626}.Release|Any CPU.ActiveCfg = Release|Any CPU
		{D8336CEE-E1CE-4829-98BA-B9898422E626}.Release|Any CPU.Build.0 = Release|Any CPU
		{D8336CEE-E1CE-4829-98BA-B9898422E626}.Release|x64.ActiveCfg = Release|Any CPU
		{D8336CEE-E1CE-4829-98BA-B9898422E626}.Release|x64.Build.0 = Release|Any CPU
		{D8336CEE-E1CE-4829-98BA-B9898422E626}.Release|x86.ActiveCfg = Release|Any CPU
		{D8336CEE-E1CE-4829-98BA-B9898422E626}.Release|x86.Build.0 = Release|Any CPU
		{03C729C3-3371-4D8D-A41D-D1B0FB1526F1}.Debug|Any CPU.ActiveCfg = Debug|Any CPU
		{03C729C3-3371-4D8D-A41D-D1B0FB1526F1}.Debug|Any CPU.Build.0 = Debug|Any CPU
		{03C729C3-3371-4D8D-A41D-D1B0FB1526F1}.Debug|x64.ActiveCfg = Debug|Any CPU
		{03C729C3-3371-4D8D-A41D-D1B0FB1526F1}.Debug|x64.Build.0 = Debug|Any CPU
		{03C729C3-3371-4D8D-A41D-D1B0FB1526F1}.Debug|x86.ActiveCfg = Debug|Any CPU
		{03C729C3-3371-4D8D-A41D-D1B0FB1526F1}.Debug|x86.Build.0 = Debug|Any CPU
		{03C729C3-3371-4D8D-A41D-D1B0FB1526F1}.Release|Any CPU.ActiveCfg = Release|Any CPU
		{03C729C3-3371-4D8D-A41D-D1B0FB1526F1}.Release|Any CPU.Build.0 = Release|Any CPU
		{03C729C3-3371-4D8D-A41D-D1B0FB1526F1}.Release|x64.ActiveCfg = Release|Any CPU
		{03C729C3-3371-4D8D-A41D-D1B0FB1526F1}.Release|x64.Build.0 = Release|Any CPU
		{03C729C3-3371-4D8D-A41D-D1B0FB1526F1}.Release|x86.ActiveCfg = Release|Any CPU
		{03C729C3-3371-4D8D-A41D-D1B0FB1526F1}.Release|x86.Build.0 = Release|Any CPU
		{7F899D83-7AB0-4859-A4F6-35FA986679C5}.Debug|Any CPU.ActiveCfg = Debug|Any CPU
		{7F899D83-7AB0-4859-A4F6-35FA986679C5}.Debug|Any CPU.Build.0 = Debug|Any CPU
		{7F899D83-7AB0-4859-A4F6-35FA986679C5}.Debug|x64.ActiveCfg = Debug|Any CPU
		{7F899D83-7AB0-4859-A4F6-35FA986679C5}.Debug|x64.Build.0 = Debug|Any CPU
		{7F899D83-7AB0-4859-A4F6-35FA986679C5}.Debug|x86.ActiveCfg = Debug|Any CPU
		{7F899D83-7AB0-4859-A4F6-35FA986679C5}.Debug|x86.Build.0 = Debug|Any CPU
		{7F899D83-7AB0-4859-A4F6-35FA986679C5}.Release|Any CPU.ActiveCfg = Release|Any CPU
		{7F899D83-7AB0-4859-A4F6-35FA986679C5}.Release|Any CPU.Build.0 = Release|Any CPU
		{7F899D83-7AB0-4859-A4F6-35FA986679C5}.Release|x64.ActiveCfg = Release|Any CPU
		{7F899D83-7AB0-4859-A4F6-35FA986679C5}.Release|x64.Build.0 = Release|Any CPU
		{7F899D83-7AB0-4859-A4F6-35FA986679C5}.Release|x86.ActiveCfg = Release|Any CPU
		{7F899D83-7AB0-4859-A4F6-35FA986679C5}.Release|x86.Build.0 = Release|Any CPU
		{35A32D3D-F5B9-4AF1-9FF3-98B07C75FC5F}.Debug|Any CPU.ActiveCfg = Debug|Any CPU
		{35A32D3D-F5B9-4AF1-9FF3-98B07C75FC5F}.Debug|Any CPU.Build.0 = Debug|Any CPU
		{35A32D3D-F5B9-4AF1-9FF3-98B07C75FC5F}.Debug|x64.ActiveCfg = Debug|Any CPU
		{35A32D3D-F5B9-4AF1-9FF3-98B07C75FC5F}.Debug|x64.Build.0 = Debug|Any CPU
		{35A32D3D-F5B9-4AF1-9FF3-98B07C75FC5F}.Debug|x86.ActiveCfg = Debug|Any CPU
		{35A32D3D-F5B9-4AF1-9FF3-98B07C75FC5F}.Debug|x86.Build.0 = Debug|Any CPU
		{35A32D3D-F5B9-4AF1-9FF3-98B07C75FC5F}.Release|Any CPU.ActiveCfg = Release|Any CPU
		{35A32D3D-F5B9-4AF1-9FF3-98B07C75FC5F}.Release|Any CPU.Build.0 = Release|Any CPU
		{35A32D3D-F5B9-4AF1-9FF3-98B07C75FC5F}.Release|x64.ActiveCfg = Release|Any CPU
		{35A32D3D-F5B9-4AF1-9FF3-98B07C75FC5F}.Release|x64.Build.0 = Release|Any CPU
		{35A32D3D-F5B9-4AF1-9FF3-98B07C75FC5F}.Release|x86.ActiveCfg = Release|Any CPU
		{35A32D3D-F5B9-4AF1-9FF3-98B07C75FC5F}.Release|x86.Build.0 = Release|Any CPU
		{174EA2FA-215A-49E9-ACB3-369D20BB2A5E}.Debug|Any CPU.ActiveCfg = Debug|Any CPU
		{174EA2FA-215A-49E9-ACB3-369D20BB2A5E}.Debug|Any CPU.Build.0 = Debug|Any CPU
		{174EA2FA-215A-49E9-ACB3-369D20BB2A5E}.Debug|x64.ActiveCfg = Debug|Any CPU
		{174EA2FA-215A-49E9-ACB3-369D20BB2A5E}.Debug|x64.Build.0 = Debug|Any CPU
		{174EA2FA-215A-49E9-ACB3-369D20BB2A5E}.Debug|x86.ActiveCfg = Debug|Any CPU
		{174EA2FA-215A-49E9-ACB3-369D20BB2A5E}.Debug|x86.Build.0 = Debug|Any CPU
		{174EA2FA-215A-49E9-ACB3-369D20BB2A5E}.Release|Any CPU.ActiveCfg = Release|Any CPU
		{174EA2FA-215A-49E9-ACB3-369D20BB2A5E}.Release|Any CPU.Build.0 = Release|Any CPU
		{174EA2FA-215A-49E9-ACB3-369D20BB2A5E}.Release|x64.ActiveCfg = Release|Any CPU
		{174EA2FA-215A-49E9-ACB3-369D20BB2A5E}.Release|x64.Build.0 = Release|Any CPU
		{174EA2FA-215A-49E9-ACB3-369D20BB2A5E}.Release|x86.ActiveCfg = Release|Any CPU
		{174EA2FA-215A-49E9-ACB3-369D20BB2A5E}.Release|x86.Build.0 = Release|Any CPU
		{3A8AF3D2-437E-4D23-8324-65A8DFFE572F}.Debug|Any CPU.ActiveCfg = Debug|Any CPU
		{3A8AF3D2-437E-4D23-8324-65A8DFFE572F}.Debug|Any CPU.Build.0 = Debug|Any CPU
		{3A8AF3D2-437E-4D23-8324-65A8DFFE572F}.Debug|x64.ActiveCfg = Debug|Any CPU
		{3A8AF3D2-437E-4D23-8324-65A8DFFE572F}.Debug|x64.Build.0 = Debug|Any CPU
		{3A8AF3D2-437E-4D23-8324-65A8DFFE572F}.Debug|x86.ActiveCfg = Debug|Any CPU
		{3A8AF3D2-437E-4D23-8324-65A8DFFE572F}.Debug|x86.Build.0 = Debug|Any CPU
		{3A8AF3D2-437E-4D23-8324-65A8DFFE572F}.Release|Any CPU.ActiveCfg = Release|Any CPU
		{3A8AF3D2-437E-4D23-8324-65A8DFFE572F}.Release|Any CPU.Build.0 = Release|Any CPU
		{3A8AF3D2-437E-4D23-8324-65A8DFFE572F}.Release|x64.ActiveCfg = Release|Any CPU
		{3A8AF3D2-437E-4D23-8324-65A8DFFE572F}.Release|x64.Build.0 = Release|Any CPU
		{3A8AF3D2-437E-4D23-8324-65A8DFFE572F}.Release|x86.ActiveCfg = Release|Any CPU
		{3A8AF3D2-437E-4D23-8324-65A8DFFE572F}.Release|x86.Build.0 = Release|Any CPU
	EndGlobalSection
	GlobalSection(NestedProjects) = preSolution
		{D8336CEE-E1CE-4829-98BA-B9898422E626} = {B338113B-5242-48FF-93A5-C00847E6FCD4}
		{03C729C3-3371-4D8D-A41D-D1B0FB1526F1} = {B338113B-5242-48FF-93A5-C00847E6FCD4}
		{7F899D83-7AB0-4859-A4F6-35FA986679C5} = {AC949E6E-9D91-431A-97ED-B0C4C0292F00}
		{35A32D3D-F5B9-4AF1-9FF3-98B07C75FC5F} = {AC949E6E-9D91-431A-97ED-B0C4C0292F00}
		{AC2D4EE1-B4E0-4A71-B233-10B3EAB787FD} = {323FC6A0-BB47-4EAD-8887-94449A196CD2}
		{D3C94AC3-4A04-4DA7-A18A-5F4728B18E92} = {323FC6A0-BB47-4EAD-8887-94449A196CD2}
		{2A22B77B-5643-452A-9E9E-26FC7FF9B4C9} = {323FC6A0-BB47-4EAD-8887-94449A196CD2}
		{174EA2FA-215A-49E9-ACB3-369D20BB2A5E} = {7CC9E5BE-000E-4E9D-B8CB-779162F2EE49}
		{3A8AF3D2-437E-4D23-8324-65A8DFFE572F} = {7CC9E5BE-000E-4E9D-B8CB-779162F2EE49}
	EndGlobalSection
EndGlobal
